
Microsoft Visual Studio Solution File, Format Version 12.00
# Visual Studio 15
VisualStudioVersion = 15.0.27703.2000
MinimumVisualStudioVersion = 10.0.40219.1
Project("{FAE04EC0-301F-11D3-BF4B-00C04F79EFBC}") = "CareerCloud.Pocos", "CareerCloud.Pocos\CareerCloud.Pocos.csproj", "{C4ADC90D-C1DF-4D3E-A04F-B681F93D353F}"
EndProject
Project("{FAE04EC0-301F-11D3-BF4B-00C04F79EFBC}") = "CareerCloud.DataAccessLayer", "CareerCloud.DataAccessLayer\CareerCloud.DataAccessLayer.csproj", "{568A8374-5BA3-48FA-9852-721DC2DC7586}"
EndProject
Project("{FAE04EC0-301F-11D3-BF4B-00C04F79EFBC}") = "CareerCloud.ADODataAccessLayer", "CareerCloud.ADODataAccessLayer\CareerCloud.ADODataAccessLayer.csproj", "{0C365BB4-1693-44D4-A94D-08023883432E}"
EndProject
Project("{FAE04EC0-301F-11D3-BF4B-00C04F79EFBC}") = "CareerCloud.BusinessLogicLayer", "CareerCloud.BusinessLogicLayer\CareerCloud.BusinessLogicLayer.csproj", "{5FD73266-5710-4E78-AE54-87F11000224C}"
EndProject
Project("{FAE04EC0-301F-11D3-BF4B-00C04F79EFBC}") = "CareerCloud.EntityFrameworkDataAccess", "CareerCloud.EntityFrameworkDataAccess\CareerCloud.EntityFrameworkDataAccess.csproj", "{6587100C-0AE8-48E5-920F-FBF814B412E7}"
EndProject
Project("{FAE04EC0-301F-11D3-BF4B-00C04F79EFBC}") = "CareerCloud.WCF", "CareerCloud.WCF\CareerCloud.WCF.csproj", "{22655879-03E7-4A9E-83E6-A3EBBF485397}"
EndProject
Project("{FAE04EC0-301F-11D3-BF4B-00C04F79EFBC}") = "CareerCloud.WebAPI", "CareerCloud.WebAPI\CareerCloud.WebAPI.csproj", "{F65E329B-1CF0-4A3C-B315-94B2D3C91FBF}"
EndProject
Project("{FAE04EC0-301F-11D3-BF4B-00C04F79EFBC}") = "CareerCloud.UnitTests.Assignment6", "..\CareerCloud.UnitTests.Assignment6\CareerCloud.UnitTests.Assignment6\CareerCloud.UnitTests.Assignment6.csproj", "{878AFB57-B469-4CC7-A714-0E447A4DA8E4}"
EndProject
Global
	GlobalSection(SolutionConfigurationPlatforms) = preSolution
		Debug|Any CPU = Debug|Any CPU
		Release|Any CPU = Release|Any CPU
	EndGlobalSection
	GlobalSection(ProjectConfigurationPlatforms) = postSolution
		{C4ADC90D-C1DF-4D3E-A04F-B681F93D353F}.Debug|Any CPU.ActiveCfg = Debug|Any CPU
		{C4ADC90D-C1DF-4D3E-A04F-B681F93D353F}.Debug|Any CPU.Build.0 = Debug|Any CPU
		{C4ADC90D-C1DF-4D3E-A04F-B681F93D353F}.Release|Any CPU.ActiveCfg = Release|Any CPU
		{C4ADC90D-C1DF-4D3E-A04F-B681F93D353F}.Release|Any CPU.Build.0 = Release|Any CPU
		{568A8374-5BA3-48FA-9852-721DC2DC7586}.Debug|Any CPU.ActiveCfg = Debug|Any CPU
		{568A8374-5BA3-48FA-9852-721DC2DC7586}.Debug|Any CPU.Build.0 = Debug|Any CPU
		{568A8374-5BA3-48FA-9852-721DC2DC7586}.Release|Any CPU.ActiveCfg = Release|Any CPU
		{568A8374-5BA3-48FA-9852-721DC2DC7586}.Release|Any CPU.Build.0 = Release|Any CPU
		{0C365BB4-1693-44D4-A94D-08023883432E}.Debug|Any CPU.ActiveCfg = Debug|Any CPU
		{0C365BB4-1693-44D4-A94D-08023883432E}.Debug|Any CPU.Build.0 = Debug|Any CPU
		{0C365BB4-1693-44D4-A94D-08023883432E}.Release|Any CPU.ActiveCfg = Release|Any CPU
		{0C365BB4-1693-44D4-A94D-08023883432E}.Release|Any CPU.Build.0 = Release|Any CPU
		{5FD73266-5710-4E78-AE54-87F11000224C}.Debug|Any CPU.ActiveCfg = Debug|Any CPU
		{5FD73266-5710-4E78-AE54-87F11000224C}.Debug|Any CPU.Build.0 = Debug|Any CPU
		{5FD73266-5710-4E78-AE54-87F11000224C}.Release|Any CPU.ActiveCfg = Release|Any CPU
		{5FD73266-5710-4E78-AE54-87F11000224C}.Release|Any CPU.Build.0 = Release|Any CPU
		{6587100C-0AE8-48E5-920F-FBF814B412E7}.Debug|Any CPU.ActiveCfg = Debug|Any CPU
		{6587100C-0AE8-48E5-920F-FBF814B412E7}.Debug|Any CPU.Build.0 = Debug|Any CPU
		{6587100C-0AE8-48E5-920F-FBF814B412E7}.Release|Any CPU.ActiveCfg = Release|Any CPU
		{6587100C-0AE8-48E5-920F-FBF814B412E7}.Release|Any CPU.Build.0 = Release|Any CPU
		{22655879-03E7-4A9E-83E6-A3EBBF485397}.Debug|Any CPU.ActiveCfg = Debug|Any CPU
		{22655879-03E7-4A9E-83E6-A3EBBF485397}.Debug|Any CPU.Build.0 = Debug|Any CPU
		{22655879-03E7-4A9E-83E6-A3EBBF485397}.Release|Any CPU.ActiveCfg = Release|Any CPU
		{22655879-03E7-4A9E-83E6-A3EBBF485397}.Release|Any CPU.Build.0 = Release|Any CPU
		{F65E329B-1CF0-4A3C-B315-94B2D3C91FBF}.Debug|Any CPU.ActiveCfg = Debug|Any CPU
		{F65E329B-1CF0-4A3C-B315-94B2D3C91FBF}.Debug|Any CPU.Build.0 = Debug|Any CPU
		{F65E329B-1CF0-4A3C-B315-94B2D3C91FBF}.Release|Any CPU.ActiveCfg = Release|Any CPU
		{F65E329B-1CF0-4A3C-B315-94B2D3C91FBF}.Release|Any CPU.Build.0 = Release|Any CPU
		{878AFB57-B469-4CC7-A714-0E447A4DA8E4}.Debug|Any CPU.ActiveCfg = Debug|Any CPU
		{878AFB57-B469-4CC7-A714-0E447A4DA8E4}.Debug|Any CPU.Build.0 = Debug|Any CPU
		{878AFB57-B469-4CC7-A714-0E447A4DA8E4}.Release|Any CPU.ActiveCfg = Release|Any CPU
		{878AFB57-B469-4CC7-A714-0E447A4DA8E4}.Release|Any CPU.Build.0 = Release|Any CPU
	EndGlobalSection
	GlobalSection(SolutionProperties) = preSolution
		HideSolutionNode = FALSE
	EndGlobalSection
	GlobalSection(ExtensibilityGlobals) = postSolution
		SolutionGuid = {F161AEAD-8189-451B-B3E3-30E09ACA0456}
	EndGlobalSection
EndGlobal
